// !$*UTF8*$!
{
	archiveVersion = 1;
	classes = {
	};
	objectVersion = 55;
	objects = {

/* Begin PBXBuildFile section */
		4E09E9CDB3E0E8BEF7D2C34D /* Pods_2021_khuthon.framework in Frameworks */ = {isa = PBXBuildFile; fileRef = 6954CCE515B3D08E59BA73A7 /* Pods_2021_khuthon.framework */; };
		98D2E3B2273E10A7003CBCFE /* AppDelegate.swift in Sources */ = {isa = PBXBuildFile; fileRef = 98D2E3B1273E10A7003CBCFE /* AppDelegate.swift */; };
		98D2E3B4273E10A7003CBCFE /* SceneDelegate.swift in Sources */ = {isa = PBXBuildFile; fileRef = 98D2E3B3273E10A7003CBCFE /* SceneDelegate.swift */; };
		98D2E3B9273E10A7003CBCFE /* Main.storyboard in Resources */ = {isa = PBXBuildFile; fileRef = 98D2E3B7273E10A7003CBCFE /* Main.storyboard */; };
		98D2E3BB273E10AA003CBCFE /* Assets.xcassets in Resources */ = {isa = PBXBuildFile; fileRef = 98D2E3BA273E10AA003CBCFE /* Assets.xcassets */; };
		98D2E3BE273E10AA003CBCFE /* LaunchScreen.storyboard in Resources */ = {isa = PBXBuildFile; fileRef = 98D2E3BC273E10AA003CBCFE /* LaunchScreen.storyboard */; };
		98D2E3C6273E146E003CBCFE /* GoogleService-Info.plist in Resources */ = {isa = PBXBuildFile; fileRef = 98D2E3C5273E146E003CBCFE /* GoogleService-Info.plist */; };
		98D6C034273E2FD8008BF859 /* LoginViewController.swift in Sources */ = {isa = PBXBuildFile; fileRef = 98D6C033273E2FD8008BF859 /* LoginViewController.swift */; };
		98D6C036273E34CA008BF859 /* EnterEmailViewController.swift in Sources */ = {isa = PBXBuildFile; fileRef = 98D6C035273E34CA008BF859 /* EnterEmailViewController.swift */; };
		98D6C038273E42D7008BF859 /* MainViewController.swift in Sources */ = {isa = PBXBuildFile; fileRef = 98D6C037273E42D7008BF859 /* MainViewController.swift */; };
/* End PBXBuildFile section */

/* Begin PBXFileReference section */
		192F68178F7FC7D3B12D2748 /* Pods-2021_khuthon.debug.xcconfig */ = {isa = PBXFileReference; includeInIndex = 1; lastKnownFileType = text.xcconfig; name = "Pods-2021_khuthon.debug.xcconfig"; path = "Target Support Files/Pods-2021_khuthon/Pods-2021_khuthon.debug.xcconfig"; sourceTree = "<group>"; };
		6954CCE515B3D08E59BA73A7 /* Pods_2021_khuthon.framework */ = {isa = PBXFileReference; explicitFileType = wrapper.framework; includeInIndex = 0; path = Pods_2021_khuthon.framework; sourceTree = BUILT_PRODUCTS_DIR; };
		8D210C46D03C049F08356B48 /* Pods-2021_khuthon.release.xcconfig */ = {isa = PBXFileReference; includeInIndex = 1; lastKnownFileType = text.xcconfig; name = "Pods-2021_khuthon.release.xcconfig"; path = "Target Support Files/Pods-2021_khuthon/Pods-2021_khuthon.release.xcconfig"; sourceTree = "<group>"; };
		98D2E3AE273E10A7003CBCFE /* 2021_khuthon.app */ = {isa = PBXFileReference; explicitFileType = wrapper.application; includeInIndex = 0; path = 2021_khuthon.app; sourceTree = BUILT_PRODUCTS_DIR; };
		98D2E3B1273E10A7003CBCFE /* AppDelegate.swift */ = {isa = PBXFileReference; lastKnownFileType = sourcecode.swift; path = AppDelegate.swift; sourceTree = "<group>"; };
		98D2E3B3273E10A7003CBCFE /* SceneDelegate.swift */ = {isa = PBXFileReference; lastKnownFileType = sourcecode.swift; path = SceneDelegate.swift; sourceTree = "<group>"; };
		98D2E3B8273E10A7003CBCFE /* Base */ = {isa = PBXFileReference; lastKnownFileType = file.storyboard; name = Base; path = Base.lproj/Main.storyboard; sourceTree = "<group>"; };
		98D2E3BA273E10AA003CBCFE /* Assets.xcassets */ = {isa = PBXFileReference; lastKnownFileType = folder.assetcatalog; path = Assets.xcassets; sourceTree = "<group>"; };
		98D2E3BD273E10AA003CBCFE /* Base */ = {isa = PBXFileReference; lastKnownFileType = file.storyboard; name = Base; path = Base.lproj/LaunchScreen.storyboard; sourceTree = "<group>"; };
		98D2E3BF273E10AA003CBCFE /* Info.plist */ = {isa = PBXFileReference; lastKnownFileType = text.plist.xml; path = Info.plist; sourceTree = "<group>"; };
		98D2E3C5273E146E003CBCFE /* GoogleService-Info.plist */ = {isa = PBXFileReference; fileEncoding = 4; lastKnownFileType = text.plist.xml; path = "GoogleService-Info.plist"; sourceTree = "<group>"; };
		98D6C032273E1547008BF859 /* 2021_khuthon.entitlements */ = {isa = PBXFileReference; lastKnownFileType = text.plist.entitlements; path = 2021_khuthon.entitlements; sourceTree = "<group>"; };
		98D6C033273E2FD8008BF859 /* LoginViewController.swift */ = {isa = PBXFileReference; lastKnownFileType = sourcecode.swift; path = LoginViewController.swift; sourceTree = "<group>"; };
		98D6C035273E34CA008BF859 /* EnterEmailViewController.swift */ = {isa = PBXFileReference; lastKnownFileType = sourcecode.swift; path = EnterEmailViewController.swift; sourceTree = "<group>"; };
		98D6C037273E42D7008BF859 /* MainViewController.swift */ = {isa = PBXFileReference; lastKnownFileType = sourcecode.swift; path = MainViewController.swift; sourceTree = "<group>"; };
/* End PBXFileReference section */

/* Begin PBXFrameworksBuildPhase section */
		98D2E3AB273E10A7003CBCFE /* Frameworks */ = {
			isa = PBXFrameworksBuildPhase;
			buildActionMask = 2147483647;
			files = (
				4E09E9CDB3E0E8BEF7D2C34D /* Pods_2021_khuthon.framework in Frameworks */,
			);
			runOnlyForDeploymentPostprocessing = 0;
		};
/* End PBXFrameworksBuildPhase section */

/* Begin PBXGroup section */
		059AED40D82881A1740754EC /* Frameworks */ = {
			isa = PBXGroup;
			children = (
				6954CCE515B3D08E59BA73A7 /* Pods_2021_khuthon.framework */,
			);
			name = Frameworks;
			sourceTree = "<group>";
		};
		7E030E9FC4F1B12E786D88A2 /* Pods */ = {
			isa = PBXGroup;
			children = (
				192F68178F7FC7D3B12D2748 /* Pods-2021_khuthon.debug.xcconfig */,
				8D210C46D03C049F08356B48 /* Pods-2021_khuthon.release.xcconfig */,
			);
			path = Pods;
			sourceTree = "<group>";
		};
		98D2E3A5273E10A7003CBCFE = {
			isa = PBXGroup;
			children = (
				98D2E3B0273E10A7003CBCFE /* 2021_khuthon */,
				98D2E3AF273E10A7003CBCFE /* Products */,
				7E030E9FC4F1B12E786D88A2 /* Pods */,
				059AED40D82881A1740754EC /* Frameworks */,
			);
			sourceTree = "<group>";
		};
		98D2E3AF273E10A7003CBCFE /* Products */ = {
			isa = PBXGroup;
			children = (
				98D2E3AE273E10A7003CBCFE /* 2021_khuthon.app */,
			);
			name = Products;
			sourceTree = "<group>";
		};
		98D2E3B0273E10A7003CBCFE /* 2021_khuthon */ = {
			isa = PBXGroup;
			children = (
				98D6C032273E1547008BF859 /* 2021_khuthon.entitlements */,
				98D2E3B1273E10A7003CBCFE /* AppDelegate.swift */,
				98D2E3B3273E10A7003CBCFE /* SceneDelegate.swift */,
				98D2E3B7273E10A7003CBCFE /* Main.storyboard */,
				98D6C037273E42D7008BF859 /* MainViewController.swift */,
				98D6C033273E2FD8008BF859 /* LoginViewController.swift */,
				98D6C035273E34CA008BF859 /* EnterEmailViewController.swift */,
				98D2E3BA273E10AA003CBCFE /* Assets.xcassets */,
				98D2E3BC273E10AA003CBCFE /* LaunchScreen.storyboard */,
				98D2E3BF273E10AA003CBCFE /* Info.plist */,
				98D2E3C5273E146E003CBCFE /* GoogleService-Info.plist */,
			);
			path = 2021_khuthon;
			sourceTree = "<group>";
		};
/* End PBXGroup section */

/* Begin PBXNativeTarget section */
		98D2E3AD273E10A7003CBCFE /* 2021_khuthon */ = {
			isa = PBXNativeTarget;
			buildConfigurationList = 98D2E3C2273E10AA003CBCFE /* Build configuration list for PBXNativeTarget "2021_khuthon" */;
			buildPhases = (
				634ED32F65B00B727D0A76A9 /* [CP] Check Pods Manifest.lock */,
				98D2E3AA273E10A7003CBCFE /* Sources */,
				98D2E3AB273E10A7003CBCFE /* Frameworks */,
				98D2E3AC273E10A7003CBCFE /* Resources */,
				7B0DC3A7C96D63E3259418E3 /* [CP] Embed Pods Frameworks */,
				D35A4E02D7A702F54272F2E5 /* [CP] Copy Pods Resources */,
			);
			buildRules = (
			);
			dependencies = (
			);
			name = 2021_khuthon;
			productName = 2021_khuthon;
			productReference = 98D2E3AE273E10A7003CBCFE /* 2021_khuthon.app */;
			productType = "com.apple.product-type.application";
		};
/* End PBXNativeTarget section */

/* Begin PBXProject section */
		98D2E3A6273E10A7003CBCFE /* Project object */ = {
			isa = PBXProject;
			attributes = {
				BuildIndependentTargetsInParallel = 1;
				LastSwiftUpdateCheck = 1300;
				LastUpgradeCheck = 1300;
				TargetAttributes = {
					98D2E3AD273E10A7003CBCFE = {
						CreatedOnToolsVersion = 13.0;
					};
				};
			};
			buildConfigurationList = 98D2E3A9273E10A7003CBCFE /* Build configuration list for PBXProject "2021_khuthon" */;
			compatibilityVersion = "Xcode 13.0";
			developmentRegion = en;
			hasScannedForEncodings = 0;
			knownRegions = (
				en,
				Base,
			);
			mainGroup = 98D2E3A5273E10A7003CBCFE;
			productRefGroup = 98D2E3AF273E10A7003CBCFE /* Products */;
			projectDirPath = "";
			projectRoot = "";
			targets = (
				98D2E3AD273E10A7003CBCFE /* 2021_khuthon */,
			);
		};
/* End PBXProject section */

/* Begin PBXResourcesBuildPhase section */
		98D2E3AC273E10A7003CBCFE /* Resources */ = {
			isa = PBXResourcesBuildPhase;
			buildActionMask = 2147483647;
			files = (
				98D2E3BE273E10AA003CBCFE /* LaunchScreen.storyboard in Resources */,
				98D2E3C6273E146E003CBCFE /* GoogleService-Info.plist in Resources */,
				98D2E3BB273E10AA003CBCFE /* Assets.xcassets in Resources */,
				98D2E3B9273E10A7003CBCFE /* Main.storyboard in Resources */,
			);
			runOnlyForDeploymentPostprocessing = 0;
		};
/* End PBXResourcesBuildPhase section */

/* Begin PBXShellScriptBuildPhase section */
		634ED32F65B00B727D0A76A9 /* [CP] Check Pods Manifest.lock */ = {
			isa = PBXShellScriptBuildPhase;
			buildActionMask = 2147483647;
			files = (
			);
			inputFileListPaths = (
			);
			inputPaths = (
				"${PODS_PODFILE_DIR_PATH}/Podfile.lock",
				"${PODS_ROOT}/Manifest.lock",
			);
			name = "[CP] Check Pods Manifest.lock";
			outputFileListPaths = (
			);
			outputPaths = (
				"$(DERIVED_FILE_DIR)/Pods-2021_khuthon-checkManifestLockResult.txt",
			);
			runOnlyForDeploymentPostprocessing = 0;
			shellPath = /bin/sh;
			shellScript = "diff \"${PODS_PODFILE_DIR_PATH}/Podfile.lock\" \"${PODS_ROOT}/Manifest.lock\" > /dev/null\nif [ $? != 0 ] ; then\n    # print error to STDERR\n    echo \"error: The sandbox is not in sync with the Podfile.lock. Run 'pod install' or update your CocoaPods installation.\" >&2\n    exit 1\nfi\n# This output is used by Xcode 'outputs' to avoid re-running this script phase.\necho \"SUCCESS\" > \"${SCRIPT_OUTPUT_FILE_0}\"\n";
			showEnvVarsInLog = 0;
		};
		7B0DC3A7C96D63E3259418E3 /* [CP] Embed Pods Frameworks */ = {
			isa = PBXShellScriptBuildPhase;
			buildActionMask = 2147483647;
			files = (
			);
			inputFileListPaths = (
				"${PODS_ROOT}/Target Support Files/Pods-2021_khuthon/Pods-2021_khuthon-frameworks-${CONFIGURATION}-input-files.xcfilelist",
			);
			name = "[CP] Embed Pods Frameworks";
			outputFileListPaths = (
				"${PODS_ROOT}/Target Support Files/Pods-2021_khuthon/Pods-2021_khuthon-frameworks-${CONFIGURATION}-output-files.xcfilelist",
			);
			runOnlyForDeploymentPostprocessing = 0;
			shellPath = /bin/sh;
			shellScript = "\"${PODS_ROOT}/Target Support Files/Pods-2021_khuthon/Pods-2021_khuthon-frameworks.sh\"\n";
			showEnvVarsInLog = 0;
		};
		D35A4E02D7A702F54272F2E5 /* [CP] Copy Pods Resources */ = {
			isa = PBXShellScriptBuildPhase;
			buildActionMask = 2147483647;
			files = (
			);
			inputFileListPaths = (
				"${PODS_ROOT}/Target Support Files/Pods-2021_khuthon/Pods-2021_khuthon-resources-${CONFIGURATION}-input-files.xcfilelist",
			);
			name = "[CP] Copy Pods Resources";
			outputFileListPaths = (
				"${PODS_ROOT}/Target Support Files/Pods-2021_khuthon/Pods-2021_khuthon-resources-${CONFIGURATION}-output-files.xcfilelist",
			);
			runOnlyForDeploymentPostprocessing = 0;
			shellPath = /bin/sh;
			shellScript = "\"${PODS_ROOT}/Target Support Files/Pods-2021_khuthon/Pods-2021_khuthon-resources.sh\"\n";
			showEnvVarsInLog = 0;
		};
/* End PBXShellScriptBuildPhase section */

/* Begin PBXSourcesBuildPhase section */
		98D2E3AA273E10A7003CBCFE /* Sources */ = {
			isa = PBXSourcesBuildPhase;
			buildActionMask = 2147483647;
			files = (
				98D6C034273E2FD8008BF859 /* LoginViewController.swift in Sources */,
				98D2E3B2273E10A7003CBCFE /* AppDelegate.swift in Sources */,
				98D6C036273E34CA008BF859 /* EnterEmailViewController.swift in Sources */,
				98D2E3B4273E10A7003CBCFE /* SceneDelegate.swift in Sources */,
				98D6C038273E42D7008BF859 /* MainViewController.swift in Sources */,
			);
			runOnlyForDeploymentPostprocessing = 0;
		};
/* End PBXSourcesBuildPhase section */

/* Begin PBXVariantGroup section */
		98D2E3B7273E10A7003CBCFE /* Main.storyboard */ = {
			isa = PBXVariantGroup;
			children = (
				98D2E3B8273E10A7003CBCFE /* Base */,
			);
			name = Main.storyboard;
			sourceTree = "<group>";
		};
		98D2E3BC273E10AA003CBCFE /* LaunchScreen.storyboard */ = {
			isa = PBXVariantGroup;
			children = (
				98D2E3BD273E10AA003CBCFE /* Base */,
			);
			name = LaunchScreen.storyboard;
			sourceTree = "<group>";
		};
/* End PBXVariantGroup section */

/* Begin XCBuildConfiguration section */
		98D2E3C0273E10AA003CBCFE /* Debug */ = {
			isa = XCBuildConfiguration;
			buildSettings = {
				ALWAYS_SEARCH_USER_PATHS = NO;
				CLANG_ANALYZER_NONNULL = YES;
				CLANG_ANALYZER_NUMBER_OBJECT_CONVERSION = YES_AGGRESSIVE;
				CLANG_CXX_LANGUAGE_STANDARD = "gnu++17";
				CLANG_CXX_LIBRARY = "libc++";
				CLANG_ENABLE_MODULES = YES;
				CLANG_ENABLE_OBJC_ARC = YES;
				CLANG_ENABLE_OBJC_WEAK = YES;
				CLANG_WARN_BLOCK_CAPTURE_AUTORELEASING = YES;
				CLANG_WARN_BOOL_CONVERSION = YES;
				CLANG_WARN_COMMA = YES;
				CLANG_WARN_CONSTANT_CONVERSION = YES;
				CLANG_WARN_DEPRECATED_OBJC_IMPLEMENTATIONS = YES;
				CLANG_WARN_DIRECT_OBJC_ISA_USAGE = YES_ERROR;
				CLANG_WARN_DOCUMENTATION_COMMENTS = YES;
				CLANG_WARN_EMPTY_BODY = YES;
				CLANG_WARN_ENUM_CONVERSION = YES;
				CLANG_WARN_INFINITE_RECURSION = YES;
				CLANG_WARN_INT_CONVERSION = YES;
				CLANG_WARN_NON_LITERAL_NULL_CONVERSION = YES;
				CLANG_WARN_OBJC_IMPLICIT_RETAIN_SELF = YES;
				CLANG_WARN_OBJC_LITERAL_CONVERSION = YES;
				CLANG_WARN_OBJC_ROOT_CLASS = YES_ERROR;
				CLANG_WARN_QUOTED_INCLUDE_IN_FRAMEWORK_HEADER = YES;
				CLANG_WARN_RANGE_LOOP_ANALYSIS = YES;
				CLANG_WARN_STRICT_PROTOTYPES = YES;
				CLANG_WARN_SUSPICIOUS_MOVE = YES;
				CLANG_WARN_UNGUARDED_AVAILABILITY = YES_AGGRESSIVE;
				CLANG_WARN_UNREACHABLE_CODE = YES;
				CLANG_WARN__DUPLICATE_METHOD_MATCH = YES;
				COPY_PHASE_STRIP = NO;
				DEBUG_INFORMATION_FORMAT = dwarf;
				ENABLE_STRICT_OBJC_MSGSEND = YES;
				ENABLE_TESTABILITY = YES;
				GCC_C_LANGUAGE_STANDARD = gnu11;
				GCC_DYNAMIC_NO_PIC = NO;
				GCC_NO_COMMON_BLOCKS = YES;
				GCC_OPTIMIZATION_LEVEL = 0;
				GCC_PREPROCESSOR_DEFINITIONS = (
					"DEBUG=1",
					"$(inherited)",
				);
				GCC_WARN_64_TO_32_BIT_CONVERSION = YES;
				GCC_WARN_ABOUT_RETURN_TYPE = YES_ERROR;
				GCC_WARN_UNDECLARED_SELECTOR = YES;
				GCC_WARN_UNINITIALIZED_AUTOS = YES_AGGRESSIVE;
				GCC_WARN_UNUSED_FUNCTION = YES;
				GCC_WARN_UNUSED_VARIABLE = YES;
				IPHONEOS_DEPLOYMENT_TARGET = 15.0;
				MTL_ENABLE_DEBUG_INFO = INCLUDE_SOURCE;
				MTL_FAST_MATH = YES;
				ONLY_ACTIVE_ARCH = YES;
				SDKROOT = iphoneos;
				SWIFT_ACTIVE_COMPILATION_CONDITIONS = DEBUG;
				SWIFT_OPTIMIZATION_LEVEL = "-Onone";
			};
			name = Debug;
		};
		98D2E3C1273E10AA003CBCFE /* Release */ = {
			isa = XCBuildConfiguration;
			buildSettings = {
				ALWAYS_SEARCH_USER_PATHS = NO;
				CLANG_ANALYZER_NONNULL = YES;
				CLANG_ANALYZER_NUMBER_OBJECT_CONVERSION = YES_AGGRESSIVE;
				CLANG_CXX_LANGUAGE_STANDARD = "gnu++17";
				CLANG_CXX_LIBRARY = "libc++";
				CLANG_ENABLE_MODULES = YES;
				CLANG_ENABLE_OBJC_ARC = YES;
				CLANG_ENABLE_OBJC_WEAK = YES;
				CLANG_WARN_BLOCK_CAPTURE_AUTORELEASING = YES;
				CLANG_WARN_BOOL_CONVERSION = YES;
				CLANG_WARN_COMMA = YES;
				CLANG_WARN_CONSTANT_CONVERSION = YES;
				CLANG_WARN_DEPRECATED_OBJC_IMPLEMENTATIONS = YES;
				CLANG_WARN_DIRECT_OBJC_ISA_USAGE = YES_ERROR;
				CLANG_WARN_DOCUMENTATION_COMMENTS = YES;
				CLANG_WARN_EMPTY_BODY = YES;
				CLANG_WARN_ENUM_CONVERSION = YES;
				CLANG_WARN_INFINITE_RECURSION = YES;
				CLANG_WARN_INT_CONVERSION = YES;
				CLANG_WARN_NON_LITERAL_NULL_CONVERSION = YES;
				CLANG_WARN_OBJC_IMPLICIT_RETAIN_SELF = YES;
				CLANG_WARN_OBJC_LITERAL_CONVERSION = YES;
				CLANG_WARN_OBJC_ROOT_CLASS = YES_ERROR;
				CLANG_WARN_QUOTED_INCLUDE_IN_FRAMEWORK_HEADER = YES;
				CLANG_WARN_RANGE_LOOP_ANALYSIS = YES;
				CLANG_WARN_STRICT_PROTOTYPES = YES;
				CLANG_WARN_SUSPICIOUS_MOVE = YES;
				CLANG_WARN_UNGUARDED_AVAILABILITY = YES_AGGRESSIVE;
				CLANG_WARN_UNREACHABLE_CODE = YES;
				CLANG_WARN__DUPLICATE_METHOD_MATCH = YES;
				COPY_PHASE_STRIP = NO;
				DEBUG_INFORMATION_FORMAT = "dwarf-with-dsym";
				ENABLE_NS_ASSERTIONS = NO;
				ENABLE_STRICT_OBJC_MSGSEND = YES;
				GCC_C_LANGUAGE_STANDARD = gnu11;
				GCC_NO_COMMON_BLOCKS = YES;
				GCC_WARN_64_TO_32_BIT_CONVERSION = YES;
				GCC_WARN_ABOUT_RETURN_TYPE = YES_ERROR;
				GCC_WARN_UNDECLARED_SELECTOR = YES;
				GCC_WARN_UNINITIALIZED_AUTOS = YES_AGGRESSIVE;
				GCC_WARN_UNUSED_FUNCTION = YES;
				GCC_WARN_UNUSED_VARIABLE = YES;
				IPHONEOS_DEPLOYMENT_TARGET = 15.0;
				MTL_ENABLE_DEBUG_INFO = NO;
				MTL_FAST_MATH = YES;
				SDKROOT = iphoneos;
				SWIFT_COMPILATION_MODE = wholemodule;
				SWIFT_OPTIMIZATION_LEVEL = "-O";
				VALIDATE_PRODUCT = YES;
			};
			name = Release;
		};
		98D2E3C3273E10AA003CBCFE /* Debug */ = {
			isa = XCBuildConfiguration;
			baseConfigurationReference = 192F68178F7FC7D3B12D2748 /* Pods-2021_khuthon.debug.xcconfig */;
			buildSettings = {
				ASSETCATALOG_COMPILER_APPICON_NAME = AppIcon;
				ASSETCATALOG_COMPILER_GLOBAL_ACCENT_COLOR_NAME = AccentColor;
				CODE_SIGN_ENTITLEMENTS = 2021_khuthon/2021_khuthon.entitlements;
				CODE_SIGN_STYLE = Automatic;
				CURRENT_PROJECT_VERSION = 1;
				DEVELOPMENT_TEAM = PN5JFN8NYT;
				GENERATE_INFOPLIST_FILE = YES;
				INFOPLIST_FILE = 2021_khuthon/Info.plist;
				INFOPLIST_KEY_UIApplicationSupportsIndirectInputEvents = YES;
				INFOPLIST_KEY_UILaunchStoryboardName = LaunchScreen;
				INFOPLIST_KEY_UIMainStoryboardFile = Main;
				INFOPLIST_KEY_UISupportedInterfaceOrientations_iPad = "UIInterfaceOrientationPortrait UIInterfaceOrientationPortraitUpsideDown UIInterfaceOrientationLandscapeLeft UIInterfaceOrientationLandscapeRight";
				INFOPLIST_KEY_UISupportedInterfaceOrientations_iPhone = "UIInterfaceOrientationPortrait UIInterfaceOrientationLandscapeLeft UIInterfaceOrientationLandscapeRight";
				LD_RUNPATH_SEARCH_PATHS = (
					"$(inherited)",
					"@executable_path/Frameworks",
				);
				MARKETING_VERSION = 1.0;
				PRODUCT_BUNDLE_IDENTIFIER = "yoonjong.-021-khuthon";
				PRODUCT_NAME = "$(TARGET_NAME)";
				SWIFT_EMIT_LOC_STRINGS = YES;
				SWIFT_VERSION = 5.0;
				TARGETED_DEVICE_FAMILY = "1,2";
			};
			name = Debug;
		};
		98D2E3C4273E10AA003CBCFE /* Release */ = {
			isa = XCBuildConfiguration;
			baseConfigurationReference = 8D210C46D03C049F08356B48 /* Pods-2021_khuthon.release.xcconfig */;
			buildSettings = {
				ASSETCATALOG_COMPILER_APPICON_NAME = AppIcon;
				ASSETCATALOG_COMPILER_GLOBAL_ACCENT_COLOR_NAME = AccentColor;
				CODE_SIGN_ENTITLEMENTS = 2021_khuthon/2021_khuthon.entitlements;
				CODE_SIGN_STYLE = Automatic;
				CURRENT_PROJECT_VERSION = 1;
				DEVELOPMENT_TEAM = PN5JFN8NYT;
				GENERATE_INFOPLIST_FILE = YES;
				INFOPLIST_FILE = 2021_khuthon/Info.plist;
				INFOPLIST_KEY_UIApplicationSupportsIndirectInputEvents = YES;
				INFOPLIST_KEY_UILaunchStoryboardName = LaunchScreen;
				INFOPLIST_KEY_UIMainStoryboardFile = Main;
				INFOPLIST_KEY_UISupportedInterfaceOrientations_iPad = "UIInterfaceOrientationPortrait UIInterfaceOrientationPortraitUpsideDown UIInterfaceOrientationLandscapeLeft UIInterfaceOrientationLandscapeRight";
				INFOPLIST_KEY_UISupportedInterfaceOrientations_iPhone = "UIInterfaceOrientationPortrait UIInterfaceOrientationLandscapeLeft UIInterfaceOrientationLandscapeRight";
				LD_RUNPATH_SEARCH_PATHS = (
					"$(inherited)",
					"@executable_path/Frameworks",
				);
				MARKETING_VERSION = 1.0;
				PRODUCT_BUNDLE_IDENTIFIER = "yoonjong.-021-khuthon";
				PRODUCT_NAME = "$(TARGET_NAME)";
				SWIFT_EMIT_LOC_STRINGS = YES;
				SWIFT_VERSION = 5.0;
				TARGETED_DEVICE_FAMILY = "1,2";
			};
			name = Release;
		};
/* End XCBuildConfiguration section */

/* Begin XCConfigurationList section */
		98D2E3A9273E10A7003CBCFE /* Build configuration list for PBXProject "2021_khuthon" */ = {
			isa = XCConfigurationList;
			buildConfigurations = (
				98D2E3C0273E10AA003CBCFE /* Debug */,
				98D2E3C1273E10AA003CBCFE /* Release */,
			);
			defaultConfigurationIsVisible = 0;
			defaultConfigurationName = Release;
		};
		98D2E3C2273E10AA003CBCFE /* Build configuration list for PBXNativeTarget "2021_khuthon" */ = {
			isa = XCConfigurationList;
			buildConfigurations = (
				98D2E3C3273E10AA003CBCFE /* Debug */,
				98D2E3C4273E10AA003CBCFE /* Release */,
			);
			defaultConfigurationIsVisible = 0;
			defaultConfigurationName = Release;
		};
/* End XCConfigurationList section */
	};
	rootObject = 98D2E3A6273E10A7003CBCFE /* Project object */;
}
